{
    "version": 3,
    "terraform_version": "0.11.11",
    "serial": 6,
    "lineage": "22d8cf62-1835-e336-e29b-47bf40c7b930",
    "modules": [
        {
            "path": [
                "root"
            ],
            "outputs": {},
            "resources": {
                "aws_ecr_repository.assignment": {
                    "type": "aws_ecr_repository",
                    "depends_on": [],
                    "primary": {
                        "id": "python_app",
                        "attributes": {
                            "arn": "arn:aws:ecr:us-west-2:888129904258:repository/python_app",
                            "id": "python_app",
                            "name": "python_app",
                            "registry_id": "888129904258",
                            "repository_url": "888129904258.dkr.ecr.us-west-2.amazonaws.com/python_app",
                            "tags.%": "0"
                        },
                        "meta": {
                            "e2bfb730-ecaa-11e6-8f88-34363bc7c4c0": {
                                "delete": 1200000000000
                            }
                        },
                        "tainted": false
                    },
                    "deposed": [],
                    "provider": "provider.aws"
                },
                "aws_key_pair.key": {
                    "type": "aws_key_pair",
                    "depends_on": [],
                    "primary": {
                        "id": "my_key",
                        "attributes": {
                            "fingerprint": "28:01:b4:f1:a7:53:61:8c:9e:ca:44:be:66:a7:ac:90",
                            "id": "my_key",
                            "key_name": "my_key",
                            "public_key": "ssh-rsa AAAAB3NzaC1yc2EAAAADAQABAAACAQClkLgh9Wchw0CCHnR1l/UNZLQIv2FAVbtqSmM1x+yeuqjO/IOqY6dh0ZiYFkHFhXXZ4niM6sPx/RRVthQ3LZ5/83ygvzML5B/bx5qd1qo1jaVW2TDbsMQwopw4PUIgID/0ZymYb4/6TVtNW0kwXFzYb96MJX//nVOoolBmhxaN5BhxHBepLtU7N5fTrhqhAlxyNr6/r30PQugfM/bihvcS/XaPVG0Eei33fcyK0sN3o80frxWCewCzNIZe1h6opZIwwcjmImD6QakVkl7HjNAcFobIklzo3iKlZZCmjtRxxkXynUxcwrGCJAF+gj8dHVelm8BAmzdn4AMVSG4Vdu3LvjDMh7GBFDh+ah37L16XDU8DEYhhAgQ/h56cPdp16DlzqPGxWvQpmdcewDOaK8xVUL/gxHNHv/p2mafmo8N98Olf98IEuIE2ewc7JFitsyE08599wx+yas5aAqZyxR7f6yXDbTeeFTQq9fPzckJ8P1QY+B66W/lk6/Wu1V8OIVl0W36gtEGOAmdK74ZHZU21SgaT/8ZAYSWEbutrCKefJXAAjIYuw/CLvokKEOAMGuYT0uEFWCdhfyOcmbvtliJmSOXWNzyxcz6d6uv8tCEN5PCLwilLMkQ4N4rBQGi5t48FzkKHR/Vg346oz8zML/GUqOllEZOLHXeQVBrQ708GPQ== darkl@darkl.local"
                        },
                        "meta": {
                            "schema_version": "1"
                        },
                        "tainted": false
                    },
                    "deposed": [],
                    "provider": "provider.aws"
                }
            },
            "depends_on": []
        },
        {
            "path": [
                "root",
                "code_pipeline"
            ],
            "outputs": {},
            "resources": {
                "aws_codebuild_project.python_app_build": {
                    "type": "aws_codebuild_project",
                    "depends_on": [
                        "aws_iam_role.codebuild_role",
                        "data.template_file.buildspec"
                    ],
                    "primary": {
                        "id": "arn:aws:codebuild:us-west-2:888129904258:project/python_app-codebuild",
                        "attributes": {
                            "arn": "arn:aws:codebuild:us-west-2:888129904258:project/python_app-codebuild",
                            "artifacts.#": "1",
                            "artifacts.2731293239.encryption_disabled": "false",
                            "artifacts.2731293239.location": "",
                            "artifacts.2731293239.name": "python_app-codebuild",
                            "artifacts.2731293239.namespace_type": "",
                            "artifacts.2731293239.packaging": "NONE",
                            "artifacts.2731293239.path": "",
                            "artifacts.2731293239.type": "CODEPIPELINE",
                            "badge_enabled": "false",
                            "badge_url": "",
                            "build_timeout": "10",
                            "cache.#": "1",
                            "cache.0.location": "",
                            "cache.0.type": "NO_CACHE",
                            "description": "",
                            "encryption_key": "arn:aws:kms:us-west-2:888129904258:alias/aws/s3",
                            "environment.#": "1",
                            "environment.2882962266.certificate": "",
                            "environment.2882962266.compute_type": "BUILD_GENERAL1_SMALL",
                            "environment.2882962266.environment_variable.#": "0",
                            "environment.2882962266.image": "aws/codebuild/docker:1.12.1",
                            "environment.2882962266.privileged_mode": "true",
                            "environment.2882962266.type": "LINUX_CONTAINER",
                            "id": "arn:aws:codebuild:us-west-2:888129904258:project/python_app-codebuild",
                            "name": "python_app-codebuild",
                            "secondary_artifacts.#": "0",
                            "secondary_sources.#": "0",
                            "service_role": "arn:aws:iam::888129904258:role/codebuild-role",
                            "source.#": "1",
                            "source.3656955128.auth.#": "0",
                            "source.3656955128.buildspec": "version: 0.2\n\nphases:\n  pre_build:\n    commands:\n      - pip install awscli --upgrade --user\n      - echo `aws --version`\n      - echo Logging in to Amazon ECR...\n      - $(aws ecr get-login --region us-west-2 --no-include-email)\n      - REPOSITORY_URI=888129904258.dkr.ecr.us-west-2.amazonaws.com/python_app/assignment\n      - IMAGE_TAG=$(echo $CODEBUILD_RESOLVED_SOURCE_VERSION | cut -c 1-7)\n      - echo Entered the pre_build phase...\n  build:\n    commands:\n      - echo Build started on `date`\n      - echo Building the Docker image...\n      - docker build --build-arg build_without=\"development test\" -t $REPOSITORY_URI:latest .\n      - docker tag $REPOSITORY_URI:latest $REPOSITORY_URI:$IMAGE_TAG\n  post_build:\n    commands:\n      - echo Build completed on `date`\n      - echo Pushing the Docker images...\n      - docker push $REPOSITORY_URI:latest\n      - docker push $REPOSITORY_URI:$IMAGE_TAG\n      - echo Writing image definitions file...\n      - printf '[{\"name\":\"web\",\"imageUri\":\"%s\"}]' $REPOSITORY_URI:$IMAGE_TAG \u003e imagedefinitions.json\n    artifacts:\n    files: imagedefinitions.json\n",
                            "source.3656955128.git_clone_depth": "0",
                            "source.3656955128.insecure_ssl": "false",
                            "source.3656955128.location": "",
                            "source.3656955128.report_build_status": "false",
                            "source.3656955128.type": "CODEPIPELINE",
                            "tags.%": "0",
                            "vpc_config.#": "0"
                        },
                        "meta": {},
                        "tainted": false
                    },
                    "deposed": [],
                    "provider": "provider.aws"
                },
                "aws_iam_role.codebuild_role": {
                    "type": "aws_iam_role",
                    "depends_on": [],
                    "primary": {
                        "id": "codebuild-role",
                        "attributes": {
                            "arn": "arn:aws:iam::888129904258:role/codebuild-role",
                            "assume_role_policy": "{\"Version\":\"2012-10-17\",\"Statement\":[{\"Effect\":\"Allow\",\"Principal\":{\"Service\":\"codebuild.amazonaws.com\"},\"Action\":\"sts:AssumeRole\"}]}",
                            "create_date": "2019-01-22T18:36:49Z",
                            "description": "",
                            "force_detach_policies": "false",
                            "id": "codebuild-role",
                            "max_session_duration": "3600",
                            "name": "codebuild-role",
                            "path": "/",
                            "tags.%": "0",
                            "unique_id": "AROAJ3EUHZHUWNSUJQIKG"
                        },
                        "meta": {},
                        "tainted": false
                    },
                    "deposed": [],
                    "provider": "provider.aws"
                },
                "aws_iam_role.codepipeline_role": {
                    "type": "aws_iam_role",
                    "depends_on": [],
                    "primary": {
                        "id": "codepipeline-role",
                        "attributes": {
                            "arn": "arn:aws:iam::888129904258:role/codepipeline-role",
                            "assume_role_policy": "{\"Version\":\"2012-10-17\",\"Statement\":[{\"Effect\":\"Allow\",\"Principal\":{\"Service\":\"codepipeline.amazonaws.com\"},\"Action\":\"sts:AssumeRole\"}]}",
                            "create_date": "2019-01-22T18:36:49Z",
                            "description": "",
                            "force_detach_policies": "false",
                            "id": "codepipeline-role",
                            "max_session_duration": "3600",
                            "name": "codepipeline-role",
                            "path": "/",
                            "tags.%": "0",
                            "unique_id": "AROAIBKNIRIG67T4HYOQ6"
                        },
                        "meta": {},
                        "tainted": false
                    },
                    "deposed": [],
                    "provider": "provider.aws"
                },
                "aws_iam_role_policy.codebuild_policy": {
                    "type": "aws_iam_role_policy",
                    "depends_on": [
                        "aws_iam_role.codebuild_role",
                        "data.template_file.codebuild_policy"
                    ],
                    "primary": {
                        "id": "codebuild-role:codebuild-policy",
                        "attributes": {
                            "id": "codebuild-role:codebuild-policy",
                            "name": "codebuild-policy",
                            "policy": "{\n  \"Version\": \"2012-10-17\",\n  \"Statement\": [\n    {\n      \"Effect\": \"Allow\",\n      \"Resource\": [\n        \"*\"\n      ],\n      \"Action\": [\n        \"logs:CreateLogGroup\",\n        \"logs:CreateLogStream\",\n        \"logs:PutLogEvents\",\n        \"ecr:GetAuthorizationToken\",\n        \"ecr:InitiateLayerUpload\",\n        \"ecr:UploadLayerPart\",\n        \"ecr:CompleteLayerUpload\",\n        \"ecr:BatchCheckLayerAvailability\",\n        \"ecr:PutImage\",\n        \"ecs:RunTask\",\n        \"iam:PassRole\"\n      ]\n    },\n    {\n      \"Effect\":\"Allow\",\n      \"Action\": [\n        \"s3:GetObject\",\n        \"s3:GetObjectVersion\",\n        \"s3:GetBucketVersioning\",\n        \"s3:List*\",\n        \"s3:PutObject\"\n      ],\n      \"Resource\": [\n        \"arn:aws:s3:::python-app-assignment-source\",\n        \"arn:aws:s3:::python-app-assignment-source/*\"\n      ]\n    }\n  ]\n}\n",
                            "role": "codebuild-role"
                        },
                        "meta": {},
                        "tainted": false
                    },
                    "deposed": [],
                    "provider": "provider.aws"
                },
                "aws_iam_role_policy.codepipeline_policy": {
                    "type": "aws_iam_role_policy",
                    "depends_on": [
                        "aws_iam_role.codepipeline_role",
                        "data.template_file.codepipeline_policy"
                    ],
                    "primary": {
                        "id": "codepipeline-role:codepipeline_policy",
                        "attributes": {
                            "id": "codepipeline-role:codepipeline_policy",
                            "name": "codepipeline_policy",
                            "policy": "{\n  \"Version\": \"2012-10-17\",\n  \"Statement\": [\n    {\n      \"Effect\":\"Allow\",\n      \"Action\": [\n        \"s3:GetObject\",\n        \"s3:GetObjectVersion\",\n        \"s3:GetBucketVersioning\",\n        \"s3:List*\",\n        \"s3:PutObject\"\n      ],\n      \"Resource\": [\n        \"arn:aws:s3:::python-app-assignment-source\",\n        \"arn:aws:s3:::python-app-assignment-source/*\"\n      ]\n    },\n    {\n      \"Effect\": \"Allow\",\n      \"Action\": [\n        \"codebuild:BatchGetBuilds\",\n        \"codebuild:StartBuild\"\n      ],\n      \"Resource\": \"*\"\n    },\n    {\n      \"Action\": [\n        \"ecs:*\",\n        \"events:DescribeRule\",\n        \"events:DeleteRule\",\n        \"events:ListRuleNamesByTarget\",\n        \"events:ListTargetsByRule\",\n        \"events:PutRule\",\n        \"events:PutTargets\",\n        \"events:RemoveTargets\",\n        \"iam:ListAttachedRolePolicies\",\n        \"iam:ListInstanceProfiles\",\n        \"iam:ListRoles\",\n        \"logs:CreateLogGroup\",\n        \"logs:DescribeLogGroups\",\n        \"logs:FilterLogEvents\"\n      ],\n      \"Resource\": \"*\",\n      \"Effect\": \"Allow\"\n    },\n    {\n      \"Action\": \"iam:PassRole\",\n      \"Effect\": \"Allow\",\n      \"Resource\": [\n        \"*\"\n      ],\n      \"Condition\": {\n        \"StringLike\": {\n          \"iam:PassedToService\": \"ecs-tasks.amazonaws.com\"\n        }\n      }\n    },\n    {\n      \"Action\": \"iam:PassRole\",\n      \"Effect\": \"Allow\",\n      \"Resource\": [\n        \"arn:aws:iam::*:role/ecsInstanceRole*\"\n      ],\n      \"Condition\": {\n        \"StringLike\": {\n          \"iam:PassedToService\": [\n            \"ec2.amazonaws.com\",\n            \"ec2.amazonaws.com.cn\"\n          ]\n        }\n      }\n    },\n    {\n      \"Action\": \"iam:PassRole\",\n      \"Effect\": \"Allow\",\n      \"Resource\": [\n        \"arn:aws:iam::*:role/ecsAutoscaleRole*\"\n      ],\n      \"Condition\": {\n        \"StringLike\": {\n          \"iam:PassedToService\": [\n            \"application-autoscaling.amazonaws.com\",\n            \"application-autoscaling.amazonaws.com.cn\"\n          ]\n        }\n      }\n    },\n    {\n      \"Effect\": \"Allow\",\n      \"Action\": \"iam:CreateServiceLinkedRole\",\n      \"Resource\": \"*\",\n      \"Condition\": {\n        \"StringLike\": {\n          \"iam:AWSServiceName\": [\n            \"ecs.amazonaws.com\",\n            \"spot.amazonaws.com\",\n            \"spotfleet.amazonaws.com\"\n          ]\n        }\n      }\n    }\n  ]\n}\n",
                            "role": "codepipeline-role"
                        },
                        "meta": {},
                        "tainted": false
                    },
                    "deposed": [],
                    "provider": "provider.aws"
                },
                "aws_s3_bucket.source": {
                    "type": "aws_s3_bucket",
                    "depends_on": [],
                    "primary": {
                        "id": "python-app-assignment-source",
                        "attributes": {
                            "acceleration_status": "",
                            "acl": "private",
                            "arn": "arn:aws:s3:::python-app-assignment-source",
                            "bucket": "python-app-assignment-source",
                            "bucket_domain_name": "python-app-assignment-source.s3.amazonaws.com",
                            "bucket_regional_domain_name": "python-app-assignment-source.s3.us-west-2.amazonaws.com",
                            "cors_rule.#": "0",
                            "force_destroy": "true",
                            "hosted_zone_id": "Z3BJ6K6RIION7M",
                            "id": "python-app-assignment-source",
                            "lifecycle_rule.#": "0",
                            "logging.#": "0",
                            "object_lock_configuration.#": "0",
                            "region": "us-west-2",
                            "replication_configuration.#": "0",
                            "request_payer": "BucketOwner",
                            "server_side_encryption_configuration.#": "0",
                            "tags.%": "0",
                            "versioning.#": "1",
                            "versioning.0.enabled": "false",
                            "versioning.0.mfa_delete": "false",
                            "website.#": "0"
                        },
                        "meta": {},
                        "tainted": false
                    },
                    "deposed": [],
                    "provider": "provider.aws"
                },
                "data.template_file.buildspec": {
                    "type": "template_file",
                    "depends_on": [],
                    "primary": {
                        "id": "f60dde55e59bd63fed39fb472af1868e3652a95e199208614b908a779da64a7a",
                        "attributes": {
                            "id": "f60dde55e59bd63fed39fb472af1868e3652a95e199208614b908a779da64a7a",
                            "rendered": "version: 0.2\n\nphases:\n  pre_build:\n    commands:\n      - pip install awscli --upgrade --user\n      - echo `aws --version`\n      - echo Logging in to Amazon ECR...\n      - $(aws ecr get-login --region us-west-2 --no-include-email)\n      - REPOSITORY_URI=888129904258.dkr.ecr.us-west-2.amazonaws.com/python_app/assignment\n      - IMAGE_TAG=$(echo $CODEBUILD_RESOLVED_SOURCE_VERSION | cut -c 1-7)\n      - echo Entered the pre_build phase...\n  build:\n    commands:\n      - echo Build started on `date`\n      - echo Building the Docker image...\n      - docker build --build-arg build_without=\"development test\" -t $REPOSITORY_URI:latest .\n      - docker tag $REPOSITORY_URI:latest $REPOSITORY_URI:$IMAGE_TAG\n  post_build:\n    commands:\n      - echo Build completed on `date`\n      - echo Pushing the Docker images...\n      - docker push $REPOSITORY_URI:latest\n      - docker push $REPOSITORY_URI:$IMAGE_TAG\n      - echo Writing image definitions file...\n      - printf '[{\"name\":\"web\",\"imageUri\":\"%s\"}]' $REPOSITORY_URI:$IMAGE_TAG \u003e imagedefinitions.json\n    artifacts:\n    files: imagedefinitions.json\n",
                            "template": "version: 0.2\n\nphases:\n  pre_build:\n    commands:\n      - pip install awscli --upgrade --user\n      - echo `aws --version`\n      - echo Logging in to Amazon ECR...\n      - $(aws ecr get-login --region ${region} --no-include-email)\n      - REPOSITORY_URI=${repository_url}\n      - IMAGE_TAG=$(echo $CODEBUILD_RESOLVED_SOURCE_VERSION | cut -c 1-7)\n      - echo Entered the pre_build phase...\n  build:\n    commands:\n      - echo Build started on `date`\n      - echo Building the Docker image...\n      - docker build --build-arg build_without=\"development test\" -t $REPOSITORY_URI:latest .\n      - docker tag $REPOSITORY_URI:latest $REPOSITORY_URI:$IMAGE_TAG\n  post_build:\n    commands:\n      - echo Build completed on `date`\n      - echo Pushing the Docker images...\n      - docker push $REPOSITORY_URI:latest\n      - docker push $REPOSITORY_URI:$IMAGE_TAG\n      - echo Writing image definitions file...\n      - printf '[{\"name\":\"web\",\"imageUri\":\"%s\"}]' $REPOSITORY_URI:$IMAGE_TAG \u003e imagedefinitions.json\n    artifacts:\n    files: imagedefinitions.json\n",
                            "vars.%": "5",
                            "vars.cluster_name": "assignment-ecs-cluster",
                            "vars.region": "us-west-2",
                            "vars.repository_url": "888129904258.dkr.ecr.us-west-2.amazonaws.com/python_app/assignment",
                            "vars.security_group_ids": "sg-0a034478d94846e90,sg-00ba0218844e619fd",
                            "vars.subnet_id": "subnet-0201baacf34f1954e"
                        },
                        "meta": {},
                        "tainted": false
                    },
                    "deposed": [],
                    "provider": "provider.template"
                },
                "data.template_file.codebuild_policy": {
                    "type": "template_file",
                    "depends_on": [
                        "aws_s3_bucket.source"
                    ],
                    "primary": {
                        "id": "6b6d7a75ec1b10af1da36f55b2fd686b54e3432fc4012c8b3e93a47ab74e9a61",
                        "attributes": {
                            "id": "6b6d7a75ec1b10af1da36f55b2fd686b54e3432fc4012c8b3e93a47ab74e9a61",
                            "rendered": "{\n  \"Version\": \"2012-10-17\",\n  \"Statement\": [\n    {\n      \"Effect\": \"Allow\",\n      \"Resource\": [\n        \"*\"\n      ],\n      \"Action\": [\n        \"logs:CreateLogGroup\",\n        \"logs:CreateLogStream\",\n        \"logs:PutLogEvents\",\n        \"ecr:GetAuthorizationToken\",\n        \"ecr:InitiateLayerUpload\",\n        \"ecr:UploadLayerPart\",\n        \"ecr:CompleteLayerUpload\",\n        \"ecr:BatchCheckLayerAvailability\",\n        \"ecr:PutImage\",\n        \"ecs:RunTask\",\n        \"iam:PassRole\"\n      ]\n    },\n    {\n      \"Effect\":\"Allow\",\n      \"Action\": [\n        \"s3:GetObject\",\n        \"s3:GetObjectVersion\",\n        \"s3:GetBucketVersioning\",\n        \"s3:List*\",\n        \"s3:PutObject\"\n      ],\n      \"Resource\": [\n        \"arn:aws:s3:::python-app-assignment-source\",\n        \"arn:aws:s3:::python-app-assignment-source/*\"\n      ]\n    }\n  ]\n}\n",
                            "template": "{\n  \"Version\": \"2012-10-17\",\n  \"Statement\": [\n    {\n      \"Effect\": \"Allow\",\n      \"Resource\": [\n        \"*\"\n      ],\n      \"Action\": [\n        \"logs:CreateLogGroup\",\n        \"logs:CreateLogStream\",\n        \"logs:PutLogEvents\",\n        \"ecr:GetAuthorizationToken\",\n        \"ecr:InitiateLayerUpload\",\n        \"ecr:UploadLayerPart\",\n        \"ecr:CompleteLayerUpload\",\n        \"ecr:BatchCheckLayerAvailability\",\n        \"ecr:PutImage\",\n        \"ecs:RunTask\",\n        \"iam:PassRole\"\n      ]\n    },\n    {\n      \"Effect\":\"Allow\",\n      \"Action\": [\n        \"s3:GetObject\",\n        \"s3:GetObjectVersion\",\n        \"s3:GetBucketVersioning\",\n        \"s3:List*\",\n        \"s3:PutObject\"\n      ],\n      \"Resource\": [\n        \"${aws_s3_bucket_arn}\",\n        \"${aws_s3_bucket_arn}/*\"\n      ]\n    }\n  ]\n}\n",
                            "vars.%": "1",
                            "vars.aws_s3_bucket_arn": "arn:aws:s3:::python-app-assignment-source"
                        },
                        "meta": {},
                        "tainted": false
                    },
                    "deposed": [],
                    "provider": "provider.template"
                },
                "data.template_file.codepipeline_policy": {
                    "type": "template_file",
                    "depends_on": [
                        "aws_s3_bucket.source"
                    ],
                    "primary": {
                        "id": "45f4445e91e8660bcf6dfd03696422d88f503183d316ab5e9a4526916cc5c1f1",
                        "attributes": {
                            "id": "45f4445e91e8660bcf6dfd03696422d88f503183d316ab5e9a4526916cc5c1f1",
                            "rendered": "{\n  \"Version\": \"2012-10-17\",\n  \"Statement\": [\n    {\n      \"Effect\":\"Allow\",\n      \"Action\": [\n        \"s3:GetObject\",\n        \"s3:GetObjectVersion\",\n        \"s3:GetBucketVersioning\",\n        \"s3:List*\",\n        \"s3:PutObject\"\n      ],\n      \"Resource\": [\n        \"arn:aws:s3:::python-app-assignment-source\",\n        \"arn:aws:s3:::python-app-assignment-source/*\"\n      ]\n    },\n    {\n      \"Effect\": \"Allow\",\n      \"Action\": [\n        \"codebuild:BatchGetBuilds\",\n        \"codebuild:StartBuild\"\n      ],\n      \"Resource\": \"*\"\n    },\n    {\n      \"Action\": [\n        \"ecs:*\",\n        \"events:DescribeRule\",\n        \"events:DeleteRule\",\n        \"events:ListRuleNamesByTarget\",\n        \"events:ListTargetsByRule\",\n        \"events:PutRule\",\n        \"events:PutTargets\",\n        \"events:RemoveTargets\",\n        \"iam:ListAttachedRolePolicies\",\n        \"iam:ListInstanceProfiles\",\n        \"iam:ListRoles\",\n        \"logs:CreateLogGroup\",\n        \"logs:DescribeLogGroups\",\n        \"logs:FilterLogEvents\"\n      ],\n      \"Resource\": \"*\",\n      \"Effect\": \"Allow\"\n    },\n    {\n      \"Action\": \"iam:PassRole\",\n      \"Effect\": \"Allow\",\n      \"Resource\": [\n        \"*\"\n      ],\n      \"Condition\": {\n        \"StringLike\": {\n          \"iam:PassedToService\": \"ecs-tasks.amazonaws.com\"\n        }\n      }\n    },\n    {\n      \"Action\": \"iam:PassRole\",\n      \"Effect\": \"Allow\",\n      \"Resource\": [\n        \"arn:aws:iam::*:role/ecsInstanceRole*\"\n      ],\n      \"Condition\": {\n        \"StringLike\": {\n          \"iam:PassedToService\": [\n            \"ec2.amazonaws.com\",\n            \"ec2.amazonaws.com.cn\"\n          ]\n        }\n      }\n    },\n    {\n      \"Action\": \"iam:PassRole\",\n      \"Effect\": \"Allow\",\n      \"Resource\": [\n        \"arn:aws:iam::*:role/ecsAutoscaleRole*\"\n      ],\n      \"Condition\": {\n        \"StringLike\": {\n          \"iam:PassedToService\": [\n            \"application-autoscaling.amazonaws.com\",\n            \"application-autoscaling.amazonaws.com.cn\"\n          ]\n        }\n      }\n    },\n    {\n      \"Effect\": \"Allow\",\n      \"Action\": \"iam:CreateServiceLinkedRole\",\n      \"Resource\": \"*\",\n      \"Condition\": {\n        \"StringLike\": {\n          \"iam:AWSServiceName\": [\n            \"ecs.amazonaws.com\",\n            \"spot.amazonaws.com\",\n            \"spotfleet.amazonaws.com\"\n          ]\n        }\n      }\n    }\n  ]\n}\n",
                            "template": "{\n  \"Version\": \"2012-10-17\",\n  \"Statement\": [\n    {\n      \"Effect\":\"Allow\",\n      \"Action\": [\n        \"s3:GetObject\",\n        \"s3:GetObjectVersion\",\n        \"s3:GetBucketVersioning\",\n        \"s3:List*\",\n        \"s3:PutObject\"\n      ],\n      \"Resource\": [\n        \"${aws_s3_bucket_arn}\",\n        \"${aws_s3_bucket_arn}/*\"\n      ]\n    },\n    {\n      \"Effect\": \"Allow\",\n      \"Action\": [\n        \"codebuild:BatchGetBuilds\",\n        \"codebuild:StartBuild\"\n      ],\n      \"Resource\": \"*\"\n    },\n    {\n      \"Action\": [\n        \"ecs:*\",\n        \"events:DescribeRule\",\n        \"events:DeleteRule\",\n        \"events:ListRuleNamesByTarget\",\n        \"events:ListTargetsByRule\",\n        \"events:PutRule\",\n        \"events:PutTargets\",\n        \"events:RemoveTargets\",\n        \"iam:ListAttachedRolePolicies\",\n        \"iam:ListInstanceProfiles\",\n        \"iam:ListRoles\",\n        \"logs:CreateLogGroup\",\n        \"logs:DescribeLogGroups\",\n        \"logs:FilterLogEvents\"\n      ],\n      \"Resource\": \"*\",\n      \"Effect\": \"Allow\"\n    },\n    {\n      \"Action\": \"iam:PassRole\",\n      \"Effect\": \"Allow\",\n      \"Resource\": [\n        \"*\"\n      ],\n      \"Condition\": {\n        \"StringLike\": {\n          \"iam:PassedToService\": \"ecs-tasks.amazonaws.com\"\n        }\n      }\n    },\n    {\n      \"Action\": \"iam:PassRole\",\n      \"Effect\": \"Allow\",\n      \"Resource\": [\n        \"arn:aws:iam::*:role/ecsInstanceRole*\"\n      ],\n      \"Condition\": {\n        \"StringLike\": {\n          \"iam:PassedToService\": [\n            \"ec2.amazonaws.com\",\n            \"ec2.amazonaws.com.cn\"\n          ]\n        }\n      }\n    },\n    {\n      \"Action\": \"iam:PassRole\",\n      \"Effect\": \"Allow\",\n      \"Resource\": [\n        \"arn:aws:iam::*:role/ecsAutoscaleRole*\"\n      ],\n      \"Condition\": {\n        \"StringLike\": {\n          \"iam:PassedToService\": [\n            \"application-autoscaling.amazonaws.com\",\n            \"application-autoscaling.amazonaws.com.cn\"\n          ]\n        }\n      }\n    },\n    {\n      \"Effect\": \"Allow\",\n      \"Action\": \"iam:CreateServiceLinkedRole\",\n      \"Resource\": \"*\",\n      \"Condition\": {\n        \"StringLike\": {\n          \"iam:AWSServiceName\": [\n            \"ecs.amazonaws.com\",\n            \"spot.amazonaws.com\",\n            \"spotfleet.amazonaws.com\"\n          ]\n        }\n      }\n    }\n  ]\n}\n",
                            "vars.%": "1",
                            "vars.aws_s3_bucket_arn": "arn:aws:s3:::python-app-assignment-source"
                        },
                        "meta": {},
                        "tainted": false
                    },
                    "deposed": [],
                    "provider": "provider.template"
                }
            },
            "depends_on": []
        },
        {
            "path": [
                "root",
                "ecs"
            ],
            "outputs": {
                "cluster_name": {
                    "sensitive": false,
                    "type": "string",
                    "value": "assignment-ecs-cluster"
                },
                "repository_url": {
                    "sensitive": false,
                    "type": "string",
                    "value": "888129904258.dkr.ecr.us-west-2.amazonaws.com/python_app/assignment"
                },
                "security_group_id": {
                    "sensitive": false,
                    "type": "string",
                    "value": "sg-00ba0218844e619fd"
                }
            },
            "resources": {
                "aws_alb.alb_python_app": {
                    "type": "aws_alb",
                    "depends_on": [
                        "aws_security_group.python_app_inbound_sg"
                    ],
                    "primary": {
                        "id": "",
                        "attributes": {},
                        "meta": {},
                        "tainted": false
                    },
                    "deposed": [],
                    "provider": "provider.aws"
                },
                "aws_alb_target_group.alb_target_group": {
                    "type": "aws_alb_target_group",
                    "depends_on": [],
                    "primary": {
                        "id": "arn:aws:elasticloadbalancing:us-west-2:888129904258:targetgroup/assignment-alb-target-group/77c287cb6dc6a063",
                        "attributes": {
                            "arn": "arn:aws:elasticloadbalancing:us-west-2:888129904258:targetgroup/assignment-alb-target-group/77c287cb6dc6a063",
                            "arn_suffix": "targetgroup/assignment-alb-target-group/77c287cb6dc6a063",
                            "deregistration_delay": "300",
                            "health_check.#": "1",
                            "health_check.0.healthy_threshold": "5",
                            "health_check.0.interval": "30",
                            "health_check.0.matcher": "200",
                            "health_check.0.path": "/",
                            "health_check.0.port": "traffic-port",
                            "health_check.0.protocol": "HTTP",
                            "health_check.0.timeout": "5",
                            "health_check.0.unhealthy_threshold": "2",
                            "id": "arn:aws:elasticloadbalancing:us-west-2:888129904258:targetgroup/assignment-alb-target-group/77c287cb6dc6a063",
                            "name": "assignment-alb-target-group",
                            "port": "80",
                            "protocol": "HTTP",
                            "proxy_protocol_v2": "false",
                            "slow_start": "0",
                            "stickiness.#": "1",
                            "stickiness.0.cookie_duration": "86400",
                            "stickiness.0.enabled": "false",
                            "stickiness.0.type": "lb_cookie",
                            "tags.%": "0",
                            "target_type": "ip",
                            "vpc_id": "vpc-02e3bcad5f1c07045"
                        },
                        "meta": {},
                        "tainted": false
                    },
                    "deposed": [],
                    "provider": "provider.aws"
                },
                "aws_ecr_repository.python_app": {
                    "type": "aws_ecr_repository",
                    "depends_on": [],
                    "primary": {
                        "id": "python_app/assignment",
                        "attributes": {
                            "arn": "arn:aws:ecr:us-west-2:888129904258:repository/python_app/assignment",
                            "id": "python_app/assignment",
                            "name": "python_app/assignment",
                            "registry_id": "888129904258",
                            "repository_url": "888129904258.dkr.ecr.us-west-2.amazonaws.com/python_app/assignment",
                            "tags.%": "0"
                        },
                        "meta": {
                            "e2bfb730-ecaa-11e6-8f88-34363bc7c4c0": {
                                "delete": 1200000000000
                            }
                        },
                        "tainted": false
                    },
                    "deposed": [],
                    "provider": "provider.aws"
                },
                "aws_ecs_cluster.cluster": {
                    "type": "aws_ecs_cluster",
                    "depends_on": [],
                    "primary": {
                        "id": "arn:aws:ecs:us-west-2:888129904258:cluster/assignment-ecs-cluster",
                        "attributes": {
                            "arn": "arn:aws:ecs:us-west-2:888129904258:cluster/assignment-ecs-cluster",
                            "id": "arn:aws:ecs:us-west-2:888129904258:cluster/assignment-ecs-cluster",
                            "name": "assignment-ecs-cluster",
                            "tags.%": "0"
                        },
                        "meta": {},
                        "tainted": false
                    },
                    "deposed": [],
                    "provider": "provider.aws"
                },
                "aws_ecs_service.python_app": {
                    "type": "aws_ecs_service",
                    "depends_on": [
                        "aws_alb_target_group.alb_target_group",
                        "aws_ecs_cluster.cluster",
                        "aws_ecs_task_definition.python_app",
                        "aws_iam_role_policy.ecs_service_role_policy",
                        "aws_security_group.ecs_service",
                        "data.aws_ecs_task_definition.python_app"
                    ],
                    "primary": {
                        "id": "",
                        "attributes": {},
                        "meta": {},
                        "tainted": false
                    },
                    "deposed": [],
                    "provider": "provider.aws"
                },
                "aws_ecs_task_definition.python_app": {
                    "type": "aws_ecs_task_definition",
                    "depends_on": [
                        "aws_iam_role.ecs_execution_role",
                        "data.template_file.python_app_task"
                    ],
                    "primary": {
                        "id": "assignment_python_app",
                        "attributes": {
                            "arn": "arn:aws:ecs:us-west-2:888129904258:task-definition/assignment_python_app:1",
                            "container_definitions": "[{\"cpu\":0,\"environment\":[{\"name\":\"PORT\",\"value\":\"80\"}],\"essential\":true,\"image\":\"888129904258.dkr.ecr.us-west-2.amazonaws.com/python_app/assignment\",\"memory\":300,\"mountPoints\":[],\"name\":\"python_app\",\"portMappings\":[{\"containerPort\":5000,\"hostPort\":5000,\"protocol\":\"tcp\"}],\"volumesFrom\":[]}]",
                            "cpu": "256",
                            "execution_role_arn": "arn:aws:iam::888129904258:role/ecs_task_execution_role",
                            "family": "assignment_python_app",
                            "id": "assignment_python_app",
                            "memory": "512",
                            "network_mode": "awsvpc",
                            "placement_constraints.#": "0",
                            "requires_compatibilities.#": "1",
                            "requires_compatibilities.3072437307": "FARGATE",
                            "revision": "1",
                            "tags.%": "0",
                            "task_role_arn": "arn:aws:iam::888129904258:role/ecs_task_execution_role",
                            "volume.#": "0"
                        },
                        "meta": {
                            "schema_version": "1"
                        },
                        "tainted": false
                    },
                    "deposed": [],
                    "provider": "provider.aws"
                },
                "aws_iam_role.ecs_execution_role": {
                    "type": "aws_iam_role",
                    "depends_on": [],
                    "primary": {
                        "id": "ecs_task_execution_role",
                        "attributes": {
                            "arn": "arn:aws:iam::888129904258:role/ecs_task_execution_role",
                            "assume_role_policy": "{\"Version\":\"2012-10-17\",\"Statement\":[{\"Sid\":\"\",\"Effect\":\"Allow\",\"Principal\":{\"Service\":\"ecs-tasks.amazonaws.com\"},\"Action\":\"sts:AssumeRole\"}]}",
                            "create_date": "2019-01-22T18:36:49Z",
                            "description": "",
                            "force_detach_policies": "false",
                            "id": "ecs_task_execution_role",
                            "max_session_duration": "3600",
                            "name": "ecs_task_execution_role",
                            "path": "/",
                            "tags.%": "0",
                            "unique_id": "AROAJSPE42HQVGAVOBTRK"
                        },
                        "meta": {},
                        "tainted": false
                    },
                    "deposed": [],
                    "provider": "provider.aws"
                },
                "aws_iam_role.ecs_role": {
                    "type": "aws_iam_role",
                    "depends_on": [
                        "data.aws_iam_policy_document.ecs_service_role"
                    ],
                    "primary": {
                        "id": "ecs_role",
                        "attributes": {
                            "arn": "arn:aws:iam::888129904258:role/ecs_role",
                            "assume_role_policy": "{\"Version\":\"2012-10-17\",\"Statement\":[{\"Sid\":\"\",\"Effect\":\"Allow\",\"Principal\":{\"Service\":\"ecs.amazonaws.com\"},\"Action\":\"sts:AssumeRole\"}]}",
                            "create_date": "2019-01-22T18:36:49Z",
                            "description": "",
                            "force_detach_policies": "false",
                            "id": "ecs_role",
                            "max_session_duration": "3600",
                            "name": "ecs_role",
                            "path": "/",
                            "tags.%": "0",
                            "unique_id": "AROAJ533UV7C22LGIULFC"
                        },
                        "meta": {},
                        "tainted": false
                    },
                    "deposed": [],
                    "provider": "provider.aws"
                },
                "aws_iam_role_policy.ecs_execution_role_policy": {
                    "type": "aws_iam_role_policy",
                    "depends_on": [
                        "aws_iam_role.ecs_execution_role"
                    ],
                    "primary": {
                        "id": "ecs_task_execution_role:ecs_execution_role_policy",
                        "attributes": {
                            "id": "ecs_task_execution_role:ecs_execution_role_policy",
                            "name": "ecs_execution_role_policy",
                            "policy": "{\n  \"Version\": \"2012-10-17\",\n  \"Statement\": [\n    {\n      \"Effect\": \"Allow\",\n      \"Action\": [\n        \"ecr:GetAuthorizationToken\",\n        \"ecr:BatchCheckLayerAvailability\",\n        \"ecr:GetDownloadUrlForLayer\",\n        \"ecr:BatchGetImage\",\n        \"logs:CreateLogStream\",\n        \"logs:PutLogEvents\"\n      ],\n      \"Resource\": \"*\"\n    }\n  ]\n}\n",
                            "role": "ecs_task_execution_role"
                        },
                        "meta": {},
                        "tainted": false
                    },
                    "deposed": [],
                    "provider": "provider.aws"
                },
                "aws_iam_role_policy.ecs_service_role_policy": {
                    "type": "aws_iam_role_policy",
                    "depends_on": [
                        "aws_iam_role.ecs_role"
                    ],
                    "primary": {
                        "id": "ecs_role:ecs_service_role_policy",
                        "attributes": {
                            "id": "ecs_role:ecs_service_role_policy",
                            "name": "ecs_service_role_policy",
                            "policy": "{\n  \"Version\": \"2012-10-17\",\n  \"Statement\": [\n    {\n      \"Effect\": \"Allow\",\n      \"Action\": [\n        \"elasticloadbalancing:Describe*\",\n        \"elasticloadbalancing:DeregisterInstancesFromLoadBalancer\",\n        \"elasticloadbalancing:RegisterInstancesWithLoadBalancer\",\n        \"ec2:Describe*\",\n        \"ec2:AuthorizeSecurityGroupIngress\"\n      ],\n      \"Resource\": [\n        \"*\"\n      ]\n    }\n  ]\n}\n",
                            "role": "ecs_role"
                        },
                        "meta": {},
                        "tainted": false
                    },
                    "deposed": [],
                    "provider": "provider.aws"
                },
                "aws_security_group.ecs_service": {
                    "type": "aws_security_group",
                    "depends_on": [],
                    "primary": {
                        "id": "sg-00ba0218844e619fd",
                        "attributes": {
                            "arn": "arn:aws:ec2:us-west-2:888129904258:security-group/sg-00ba0218844e619fd",
                            "description": "Allow egress from container",
                            "egress.#": "1",
                            "egress.482069346.cidr_blocks.#": "1",
                            "egress.482069346.cidr_blocks.0": "0.0.0.0/0",
                            "egress.482069346.description": "",
                            "egress.482069346.from_port": "0",
                            "egress.482069346.ipv6_cidr_blocks.#": "0",
                            "egress.482069346.prefix_list_ids.#": "0",
                            "egress.482069346.protocol": "-1",
                            "egress.482069346.security_groups.#": "0",
                            "egress.482069346.self": "false",
                            "egress.482069346.to_port": "0",
                            "id": "sg-00ba0218844e619fd",
                            "ingress.#": "1",
                            "ingress.3068409405.cidr_blocks.#": "1",
                            "ingress.3068409405.cidr_blocks.0": "0.0.0.0/0",
                            "ingress.3068409405.description": "",
                            "ingress.3068409405.from_port": "8",
                            "ingress.3068409405.ipv6_cidr_blocks.#": "0",
                            "ingress.3068409405.prefix_list_ids.#": "0",
                            "ingress.3068409405.protocol": "icmp",
                            "ingress.3068409405.security_groups.#": "0",
                            "ingress.3068409405.self": "false",
                            "ingress.3068409405.to_port": "0",
                            "name": "assignment-ecs-service-sg",
                            "owner_id": "888129904258",
                            "revoke_rules_on_delete": "false",
                            "tags.%": "2",
                            "tags.Environment": "assignment",
                            "tags.Name": "assignment-ecs-service-sg",
                            "vpc_id": "vpc-02e3bcad5f1c07045"
                        },
                        "meta": {
                            "e2bfb730-ecaa-11e6-8f88-34363bc7c4c0": {
                                "create": 600000000000,
                                "delete": 600000000000
                            },
                            "schema_version": "1"
                        },
                        "tainted": false
                    },
                    "deposed": [],
                    "provider": "provider.aws"
                },
                "aws_security_group.python_app_inbound_sg": {
                    "type": "aws_security_group",
                    "depends_on": [],
                    "primary": {
                        "id": "sg-056dde317ae4e545d",
                        "attributes": {
                            "arn": "arn:aws:ec2:us-west-2:888129904258:security-group/sg-056dde317ae4e545d",
                            "description": "Allow HTTP from Anywhere into ALB",
                            "egress.#": "1",
                            "egress.482069346.cidr_blocks.#": "1",
                            "egress.482069346.cidr_blocks.0": "0.0.0.0/0",
                            "egress.482069346.description": "",
                            "egress.482069346.from_port": "0",
                            "egress.482069346.ipv6_cidr_blocks.#": "0",
                            "egress.482069346.prefix_list_ids.#": "0",
                            "egress.482069346.protocol": "-1",
                            "egress.482069346.security_groups.#": "0",
                            "egress.482069346.self": "false",
                            "egress.482069346.to_port": "0",
                            "id": "sg-056dde317ae4e545d",
                            "ingress.#": "2",
                            "ingress.2214680975.cidr_blocks.#": "1",
                            "ingress.2214680975.cidr_blocks.0": "0.0.0.0/0",
                            "ingress.2214680975.description": "",
                            "ingress.2214680975.from_port": "80",
                            "ingress.2214680975.ipv6_cidr_blocks.#": "0",
                            "ingress.2214680975.prefix_list_ids.#": "0",
                            "ingress.2214680975.protocol": "tcp",
                            "ingress.2214680975.security_groups.#": "0",
                            "ingress.2214680975.self": "false",
                            "ingress.2214680975.to_port": "80",
                            "ingress.3068409405.cidr_blocks.#": "1",
                            "ingress.3068409405.cidr_blocks.0": "0.0.0.0/0",
                            "ingress.3068409405.description": "",
                            "ingress.3068409405.from_port": "8",
                            "ingress.3068409405.ipv6_cidr_blocks.#": "0",
                            "ingress.3068409405.prefix_list_ids.#": "0",
                            "ingress.3068409405.protocol": "icmp",
                            "ingress.3068409405.security_groups.#": "0",
                            "ingress.3068409405.self": "false",
                            "ingress.3068409405.to_port": "0",
                            "name": "assignment-python-app-inbound-sg",
                            "owner_id": "888129904258",
                            "revoke_rules_on_delete": "false",
                            "tags.%": "1",
                            "tags.Name": "assignment-python-app-inbound-sg",
                            "vpc_id": "vpc-02e3bcad5f1c07045"
                        },
                        "meta": {
                            "e2bfb730-ecaa-11e6-8f88-34363bc7c4c0": {
                                "create": 600000000000,
                                "delete": 600000000000
                            },
                            "schema_version": "1"
                        },
                        "tainted": false
                    },
                    "deposed": [],
                    "provider": "provider.aws"
                },
                "data.aws_ecs_task_definition.python_app": {
                    "type": "aws_ecs_task_definition",
                    "depends_on": [
                        "aws_ecs_task_definition.python_app"
                    ],
                    "primary": {
                        "id": "arn:aws:ecs:us-west-2:888129904258:task-definition/assignment_python_app:1",
                        "attributes": {
                            "family": "assignment_python_app",
                            "id": "arn:aws:ecs:us-west-2:888129904258:task-definition/assignment_python_app:1",
                            "network_mode": "awsvpc",
                            "revision": "1",
                            "status": "ACTIVE",
                            "task_definition": "assignment_python_app",
                            "task_role_arn": "arn:aws:iam::888129904258:role/ecs_task_execution_role"
                        },
                        "meta": {},
                        "tainted": false
                    },
                    "deposed": [],
                    "provider": "provider.aws"
                },
                "data.aws_iam_policy_document.ecs_service_policy": {
                    "type": "aws_iam_policy_document",
                    "depends_on": [],
                    "primary": {
                        "id": "3615693260",
                        "attributes": {
                            "id": "3615693260",
                            "json": "{\n  \"Version\": \"2012-10-17\",\n  \"Statement\": [\n    {\n      \"Sid\": \"\",\n      \"Effect\": \"Allow\",\n      \"Action\": [\n        \"elasticloadbalancing:RegisterInstancesWithLoadBalancer\",\n        \"elasticloadbalancing:Describe*\",\n        \"elasticloadbalancing:DeregisterInstancesFromLoadBalancer\",\n        \"ec2:Describe*\",\n        \"ec2:AuthorizeSecurityGroupIngress\"\n      ],\n      \"Resource\": \"*\"\n    }\n  ]\n}",
                            "statement.#": "1",
                            "statement.0.actions.#": "5",
                            "statement.0.actions.2459212947": "ec2:Describe*",
                            "statement.0.actions.2464853358": "ec2:AuthorizeSecurityGroupIngress",
                            "statement.0.actions.2706807274": "elasticloadbalancing:DeregisterInstancesFromLoadBalancer",
                            "statement.0.actions.2747799858": "elasticloadbalancing:Describe*",
                            "statement.0.actions.982461153": "elasticloadbalancing:RegisterInstancesWithLoadBalancer",
                            "statement.0.condition.#": "0",
                            "statement.0.effect": "Allow",
                            "statement.0.not_actions.#": "0",
                            "statement.0.not_principals.#": "0",
                            "statement.0.not_resources.#": "0",
                            "statement.0.principals.#": "0",
                            "statement.0.resources.#": "1",
                            "statement.0.resources.2679715827": "*",
                            "statement.0.sid": "",
                            "version": "2012-10-17"
                        },
                        "meta": {},
                        "tainted": false
                    },
                    "deposed": [],
                    "provider": "provider.aws"
                },
                "data.aws_iam_policy_document.ecs_service_role": {
                    "type": "aws_iam_policy_document",
                    "depends_on": [],
                    "primary": {
                        "id": "3622649364",
                        "attributes": {
                            "id": "3622649364",
                            "json": "{\n  \"Version\": \"2012-10-17\",\n  \"Statement\": [\n    {\n      \"Sid\": \"\",\n      \"Effect\": \"Allow\",\n      \"Action\": \"sts:AssumeRole\",\n      \"Principal\": {\n        \"Service\": \"ecs.amazonaws.com\"\n      }\n    }\n  ]\n}",
                            "statement.#": "1",
                            "statement.0.actions.#": "1",
                            "statement.0.actions.2528466339": "sts:AssumeRole",
                            "statement.0.condition.#": "0",
                            "statement.0.effect": "Allow",
                            "statement.0.not_actions.#": "0",
                            "statement.0.not_principals.#": "0",
                            "statement.0.not_resources.#": "0",
                            "statement.0.principals.#": "1",
                            "statement.0.principals.1113412664.identifiers.#": "1",
                            "statement.0.principals.1113412664.identifiers.1509832800": "ecs.amazonaws.com",
                            "statement.0.principals.1113412664.type": "Service",
                            "statement.0.resources.#": "0",
                            "statement.0.sid": "",
                            "version": "2012-10-17"
                        },
                        "meta": {},
                        "tainted": false
                    },
                    "deposed": [],
                    "provider": "provider.aws"
                },
                "data.template_file.python_app_task": {
                    "type": "template_file",
                    "depends_on": [
                        "aws_ecr_repository.python_app"
                    ],
                    "primary": {
                        "id": "085c0ec586fde6a44350e7ec5f994c5654da5d5c88fd49e1db128ccf3a33c3d6",
                        "attributes": {
                            "id": "085c0ec586fde6a44350e7ec5f994c5654da5d5c88fd49e1db128ccf3a33c3d6",
                            "rendered": "[\n  {\n    \"name\": \"python_app\",\n    \"image\": \"888129904258.dkr.ecr.us-west-2.amazonaws.com/python_app/assignment\",\n    \"portMappings\": [\n      {\n        \"containerPort\": 5000,\n        \"hostPort\": 5000\n      }\n    ],\n    \"memory\": 300,\n    \"networkMode\": \"awsvpc\",\n    \"environment\": [\n      {\n        \"name\": \"PORT\",\n        \"value\": \"80\"\n      }\n    ]\n  }\n]\n",
                            "template": "[\n  {\n    \"name\": \"python_app\",\n    \"image\": \"${image}\",\n    \"portMappings\": [\n      {\n        \"containerPort\": 5000,\n        \"hostPort\": 5000\n      }\n    ],\n    \"memory\": 300,\n    \"networkMode\": \"awsvpc\",\n    \"environment\": [\n      {\n        \"name\": \"PORT\",\n        \"value\": \"80\"\n      }\n    ]\n  }\n]\n",
                            "vars.%": "1",
                            "vars.image": "888129904258.dkr.ecr.us-west-2.amazonaws.com/python_app/assignment"
                        },
                        "meta": {},
                        "tainted": false
                    },
                    "deposed": [],
                    "provider": "provider.template"
                }
            },
            "depends_on": []
        },
        {
            "path": [
                "root",
                "networking"
            ],
            "outputs": {
                "default_sg_id": {
                    "sensitive": false,
                    "type": "string",
                    "value": "sg-0a034478d94846e90"
                },
                "private_subnets_id": {
                    "sensitive": false,
                    "type": "list",
                    "value": [
                        "subnet-0201baacf34f1954e"
                    ]
                },
                "public_subnets_id": {
                    "sensitive": false,
                    "type": "list",
                    "value": [
                        "subnet-079fce522e84c8860"
                    ]
                },
                "security_groups_ids": {
                    "sensitive": false,
                    "type": "list",
                    "value": [
                        "sg-0a034478d94846e90"
                    ]
                },
                "vpc_id": {
                    "sensitive": false,
                    "type": "string",
                    "value": "vpc-02e3bcad5f1c07045"
                }
            },
            "resources": {
                "aws_eip.nat_eip": {
                    "type": "aws_eip",
                    "depends_on": [
                        "aws_internet_gateway.ig"
                    ],
                    "primary": {
                        "id": "eipalloc-0669a89e58f9b1ed0",
                        "attributes": {
                            "association_id": "",
                            "domain": "vpc",
                            "id": "eipalloc-0669a89e58f9b1ed0",
                            "instance": "",
                            "network_interface": "",
                            "private_ip": "",
                            "public_ip": "52.88.158.33",
                            "public_ipv4_pool": "amazon",
                            "tags.%": "0",
                            "vpc": "true"
                        },
                        "meta": {
                            "e2bfb730-ecaa-11e6-8f88-34363bc7c4c0": {
                                "delete": 180000000000,
                                "read": 900000000000,
                                "update": 300000000000
                            }
                        },
                        "tainted": false
                    },
                    "deposed": [],
                    "provider": "provider.aws"
                },
                "aws_internet_gateway.ig": {
                    "type": "aws_internet_gateway",
                    "depends_on": [
                        "aws_vpc.vpc"
                    ],
                    "primary": {
                        "id": "igw-0102a6020cca9625c",
                        "attributes": {
                            "id": "igw-0102a6020cca9625c",
                            "owner_id": "888129904258",
                            "tags.%": "2",
                            "tags.Environment": "assignment",
                            "tags.Name": "assignment-igw",
                            "vpc_id": "vpc-02e3bcad5f1c07045"
                        },
                        "meta": {},
                        "tainted": false
                    },
                    "deposed": [],
                    "provider": "provider.aws"
                },
                "aws_route.public_internet_gateway": {
                    "type": "aws_route",
                    "depends_on": [
                        "aws_internet_gateway.ig",
                        "aws_route_table.public"
                    ],
                    "primary": {
                        "id": "r-rtb-042392002869c57cd1080289494",
                        "attributes": {
                            "destination_cidr_block": "0.0.0.0/0",
                            "destination_prefix_list_id": "",
                            "egress_only_gateway_id": "",
                            "gateway_id": "igw-0102a6020cca9625c",
                            "id": "r-rtb-042392002869c57cd1080289494",
                            "instance_id": "",
                            "instance_owner_id": "",
                            "nat_gateway_id": "",
                            "network_interface_id": "",
                            "origin": "CreateRoute",
                            "route_table_id": "rtb-042392002869c57cd",
                            "state": "active",
                            "transit_gateway_id": "",
                            "vpc_peering_connection_id": ""
                        },
                        "meta": {
                            "e2bfb730-ecaa-11e6-8f88-34363bc7c4c0": {
                                "create": 120000000000,
                                "delete": 300000000000
                            }
                        },
                        "tainted": false
                    },
                    "deposed": [],
                    "provider": "provider.aws"
                },
                "aws_route_table.private": {
                    "type": "aws_route_table",
                    "depends_on": [
                        "aws_vpc.vpc"
                    ],
                    "primary": {
                        "id": "rtb-0cdc479a72c742d39",
                        "attributes": {
                            "id": "rtb-0cdc479a72c742d39",
                            "owner_id": "888129904258",
                            "propagating_vgws.#": "0",
                            "route.#": "0",
                            "tags.%": "2",
                            "tags.Environment": "assignment",
                            "tags.Name": "assignment-private-route-table",
                            "vpc_id": "vpc-02e3bcad5f1c07045"
                        },
                        "meta": {},
                        "tainted": false
                    },
                    "deposed": [],
                    "provider": "provider.aws"
                },
                "aws_route_table.public": {
                    "type": "aws_route_table",
                    "depends_on": [
                        "aws_vpc.vpc"
                    ],
                    "primary": {
                        "id": "rtb-042392002869c57cd",
                        "attributes": {
                            "id": "rtb-042392002869c57cd",
                            "owner_id": "888129904258",
                            "propagating_vgws.#": "0",
                            "route.#": "0",
                            "tags.%": "2",
                            "tags.Environment": "assignment",
                            "tags.Name": "assignment-public-route-table",
                            "vpc_id": "vpc-02e3bcad5f1c07045"
                        },
                        "meta": {},
                        "tainted": false
                    },
                    "deposed": [],
                    "provider": "provider.aws"
                },
                "aws_route_table_association.private": {
                    "type": "aws_route_table_association",
                    "depends_on": [
                        "aws_route_table.private",
                        "aws_subnet.private_subnet.*"
                    ],
                    "primary": {
                        "id": "rtbassoc-0bfd4e19f667e6da1",
                        "attributes": {
                            "id": "rtbassoc-0bfd4e19f667e6da1",
                            "route_table_id": "rtb-0cdc479a72c742d39",
                            "subnet_id": "subnet-0201baacf34f1954e"
                        },
                        "meta": {},
                        "tainted": false
                    },
                    "deposed": [],
                    "provider": "provider.aws"
                },
                "aws_route_table_association.public": {
                    "type": "aws_route_table_association",
                    "depends_on": [
                        "aws_route_table.public",
                        "aws_subnet.public_subnet.*"
                    ],
                    "primary": {
                        "id": "rtbassoc-06b55623577b66fba",
                        "attributes": {
                            "id": "rtbassoc-06b55623577b66fba",
                            "route_table_id": "rtb-042392002869c57cd",
                            "subnet_id": "subnet-079fce522e84c8860"
                        },
                        "meta": {},
                        "tainted": false
                    },
                    "deposed": [],
                    "provider": "provider.aws"
                },
                "aws_security_group.default": {
                    "type": "aws_security_group",
                    "depends_on": [
                        "aws_vpc.vpc",
                        "aws_vpc.vpc"
                    ],
                    "primary": {
                        "id": "sg-0a034478d94846e90",
                        "attributes": {
                            "arn": "arn:aws:ec2:us-west-2:888129904258:security-group/sg-0a034478d94846e90",
                            "description": "default SG to allow in/out from the VPC",
                            "egress.#": "1",
                            "egress.753360330.cidr_blocks.#": "0",
                            "egress.753360330.description": "",
                            "egress.753360330.from_port": "0",
                            "egress.753360330.ipv6_cidr_blocks.#": "0",
                            "egress.753360330.prefix_list_ids.#": "0",
                            "egress.753360330.protocol": "-1",
                            "egress.753360330.security_groups.#": "0",
                            "egress.753360330.self": "true",
                            "egress.753360330.to_port": "0",
                            "id": "sg-0a034478d94846e90",
                            "ingress.#": "1",
                            "ingress.753360330.cidr_blocks.#": "0",
                            "ingress.753360330.description": "",
                            "ingress.753360330.from_port": "0",
                            "ingress.753360330.ipv6_cidr_blocks.#": "0",
                            "ingress.753360330.prefix_list_ids.#": "0",
                            "ingress.753360330.protocol": "-1",
                            "ingress.753360330.security_groups.#": "0",
                            "ingress.753360330.self": "true",
                            "ingress.753360330.to_port": "0",
                            "name": "assignment-default-sg",
                            "owner_id": "888129904258",
                            "revoke_rules_on_delete": "false",
                            "tags.%": "1",
                            "tags.Environment": "assignment",
                            "vpc_id": "vpc-02e3bcad5f1c07045"
                        },
                        "meta": {
                            "e2bfb730-ecaa-11e6-8f88-34363bc7c4c0": {
                                "create": 600000000000,
                                "delete": 600000000000
                            },
                            "schema_version": "1"
                        },
                        "tainted": false
                    },
                    "deposed": [],
                    "provider": "provider.aws"
                },
                "aws_subnet.private_subnet": {
                    "type": "aws_subnet",
                    "depends_on": [
                        "aws_vpc.vpc"
                    ],
                    "primary": {
                        "id": "subnet-0201baacf34f1954e",
                        "attributes": {
                            "arn": "arn:aws:ec2:us-west-2:888129904258:subnet/subnet-0201baacf34f1954e",
                            "assign_ipv6_address_on_creation": "false",
                            "availability_zone": "us-west-2a",
                            "availability_zone_id": "usw2-az1",
                            "cidr_block": "10.0.10.0/24",
                            "id": "subnet-0201baacf34f1954e",
                            "ipv6_cidr_block": "",
                            "ipv6_cidr_block_association_id": "",
                            "map_public_ip_on_launch": "false",
                            "owner_id": "888129904258",
                            "tags.%": "2",
                            "tags.Environment": "assignment",
                            "tags.Name": "assignment-us-west-2a-private-subnet",
                            "vpc_id": "vpc-02e3bcad5f1c07045"
                        },
                        "meta": {
                            "e2bfb730-ecaa-11e6-8f88-34363bc7c4c0": {
                                "create": 600000000000,
                                "delete": 600000000000
                            },
                            "schema_version": "1"
                        },
                        "tainted": false
                    },
                    "deposed": [],
                    "provider": "provider.aws"
                },
                "aws_subnet.public_subnet": {
                    "type": "aws_subnet",
                    "depends_on": [
                        "aws_vpc.vpc"
                    ],
                    "primary": {
                        "id": "subnet-079fce522e84c8860",
                        "attributes": {
                            "arn": "arn:aws:ec2:us-west-2:888129904258:subnet/subnet-079fce522e84c8860",
                            "assign_ipv6_address_on_creation": "false",
                            "availability_zone": "us-west-2a",
                            "availability_zone_id": "usw2-az1",
                            "cidr_block": "10.0.1.0/24",
                            "id": "subnet-079fce522e84c8860",
                            "ipv6_cidr_block": "",
                            "ipv6_cidr_block_association_id": "",
                            "map_public_ip_on_launch": "true",
                            "owner_id": "888129904258",
                            "tags.%": "2",
                            "tags.Environment": "assignment",
                            "tags.Name": "assignment-us-west-2a-public-subnet",
                            "vpc_id": "vpc-02e3bcad5f1c07045"
                        },
                        "meta": {
                            "e2bfb730-ecaa-11e6-8f88-34363bc7c4c0": {
                                "create": 600000000000,
                                "delete": 600000000000
                            },
                            "schema_version": "1"
                        },
                        "tainted": false
                    },
                    "deposed": [],
                    "provider": "provider.aws"
                },
                "aws_vpc.vpc": {
                    "type": "aws_vpc",
                    "depends_on": [],
                    "primary": {
                        "id": "vpc-02e3bcad5f1c07045",
                        "attributes": {
                            "arn": "arn:aws:ec2:us-west-2:888129904258:vpc/vpc-02e3bcad5f1c07045",
                            "assign_generated_ipv6_cidr_block": "false",
                            "cidr_block": "10.0.0.0/16",
                            "default_network_acl_id": "acl-00de54181627852ed",
                            "default_route_table_id": "rtb-0d3a0e80439fd3200",
                            "default_security_group_id": "sg-0d61680eb1aba4a8d",
                            "dhcp_options_id": "dopt-e1687785",
                            "enable_classiclink": "false",
                            "enable_classiclink_dns_support": "false",
                            "enable_dns_hostnames": "true",
                            "enable_dns_support": "true",
                            "id": "vpc-02e3bcad5f1c07045",
                            "instance_tenancy": "default",
                            "ipv6_association_id": "",
                            "ipv6_cidr_block": "",
                            "main_route_table_id": "rtb-0d3a0e80439fd3200",
                            "owner_id": "888129904258",
                            "tags.%": "2",
                            "tags.Environment": "assignment",
                            "tags.Name": "assignment-vpn"
                        },
                        "meta": {
                            "schema_version": "1"
                        },
                        "tainted": false
                    },
                    "deposed": [],
                    "provider": "provider.aws"
                }
            },
            "depends_on": []
        }
    ]
}
